
Microsoft Visual Studio Solution File, Format Version 12.00
# Visual Studio Version 17
VisualStudioVersion = 17.4.33122.133
MinimumVisualStudioVersion = 10.0.40219.1
Project("{FAE04EC0-301F-11D3-BF4B-00C04F79EFBC}") = "Assignment8_IliaBogatyrev", "Assignment8_IliaBogatyrev\Assignment8_IliaBogatyrev.csproj", "{C2B30D59-51FC-461B-9280-3166E45BB6E8}"
EndProject
Global
	GlobalSection(SolutionConfigurationPlatforms) = preSolution
		Debug|Any CPU = Debug|Any CPU
		Release|Any CPU = Release|Any CPU
	EndGlobalSection
	GlobalSection(ProjectConfigurationPlatforms) = postSolution
		{C2B30D59-51FC-461B-9280-3166E45BB6E8}.Debug|Any CPU.ActiveCfg = Debug|Any CPU
		{C2B30D59-51FC-461B-9280-3166E45BB6E8}.Debug|Any CPU.Build.0 = Debug|Any CPU
		{C2B30D59-51FC-461B-9280-3166E45BB6E8}.Release|Any CPU.ActiveCfg = Release|Any CPU
		{C2B30D59-51FC-461B-9280-3166E45BB6E8}.Release|Any CPU.Build.0 = Release|Any CPU
	EndGlobalSection
	GlobalSection(SolutionProperties) = preSolution
		HideSolutionNode = FALSE
	EndGlobalSection
	GlobalSection(ExtensibilityGlobals) = postSolution
		SolutionGuid = {9F94407D-9B81-4F1A-967D-00227A9EC50B}
	EndGlobalSection
EndGlobal
